
Microsoft Visual Studio Solution File, Format Version 12.00
# Visual Studio Version 16
VisualStudioVersion = 16.0.32106.194
MinimumVisualStudioVersion = 10.0.40219.1
Project("{FAE04EC0-301F-11D3-BF4B-00C04F79EFBC}") = "WindowsFormsApp1", "WindowsFormsApp1.csproj", "{08C9D406-998C-4B1E-AEC8-CBC8E9353BE2}"
EndProject
Global
	GlobalSection(SolutionConfigurationPlatforms) = preSolution
		Debug|Any CPU = Debug|Any CPU
		Release|Any CPU = Release|Any CPU
	EndGlobalSection
	GlobalSection(ProjectConfigurationPlatforms) = postSolution
		{08C9D406-998C-4B1E-AEC8-CBC8E9353BE2}.Debug|Any CPU.ActiveCfg = Debug|Any CPU
		{08C9D406-998C-4B1E-AEC8-CBC8E9353BE2}.Debug|Any CPU.Build.0 = Debug|Any CPU
		{08C9D406-998C-4B1E-AEC8-CBC8E9353BE2}.Release|Any CPU.ActiveCfg = Release|Any CPU
		{08C9D406-998C-4B1E-AEC8-CBC8E9353BE2}.Release|Any CPU.Build.0 = Release|Any CPU
	EndGlobalSection
	GlobalSection(SolutionProperties) = preSolution
		HideSolutionNode = FALSE
	EndGlobalSection
	GlobalSection(ExtensibilityGlobals) = postSolution
		SolutionGuid = {50437D09-ACE5-48A3-B04E-F13311B92F54}
	EndGlobalSection
EndGlobal
